
Microsoft Visual Studio Solution File, Format Version 12.00
# Visual Studio Version 16
VisualStudioVersion = 16.0.31019.35
MinimumVisualStudioVersion = 10.0.40219.1
Project("{9A19103F-16F7-4668-BE54-9A1E7A4F7556}") = "HomeTaskLibrary", "HomeTaskLibrary\HomeTaskLibrary.csproj", "{745DFD58-4C63-4A70-8457-CFACF8E43048}"
EndProject
Project("{FAE04EC0-301F-11D3-BF4B-00C04F79EFBC}") = "HomeTaskLibrary.Tests", "HomeTaskLibrary.Tests\HomeTaskLibrary.Tests.csproj", "{AEEE8F92-409A-47DF-95EC-5945B77FF5F6}"
EndProject
Global
	GlobalSection(SolutionConfigurationPlatforms) = preSolution
		Debug|Any CPU = Debug|Any CPU
		Release|Any CPU = Release|Any CPU
	EndGlobalSection
	GlobalSection(ProjectConfigurationPlatforms) = postSolution
		{745DFD58-4C63-4A70-8457-CFACF8E43048}.Debug|Any CPU.ActiveCfg = Debug|Any CPU
		{745DFD58-4C63-4A70-8457-CFACF8E43048}.Debug|Any CPU.Build.0 = Debug|Any CPU
		{745DFD58-4C63-4A70-8457-CFACF8E43048}.Release|Any CPU.ActiveCfg = Release|Any CPU
		{745DFD58-4C63-4A70-8457-CFACF8E43048}.Release|Any CPU.Build.0 = Release|Any CPU
		{AEEE8F92-409A-47DF-95EC-5945B77FF5F6}.Debug|Any CPU.ActiveCfg = Debug|Any CPU
		{AEEE8F92-409A-47DF-95EC-5945B77FF5F6}.Debug|Any CPU.Build.0 = Debug|Any CPU
		{AEEE8F92-409A-47DF-95EC-5945B77FF5F6}.Release|Any CPU.ActiveCfg = Release|Any CPU
		{AEEE8F92-409A-47DF-95EC-5945B77FF5F6}.Release|Any CPU.Build.0 = Release|Any CPU
	EndGlobalSection
	GlobalSection(SolutionProperties) = preSolution
		HideSolutionNode = FALSE
	EndGlobalSection
	GlobalSection(ExtensibilityGlobals) = postSolution
		SolutionGuid = {DB67791C-0ECB-4765-AD38-8376AE25C411}
	EndGlobalSection
EndGlobal
